
Microsoft Visual Studio Solution File, Format Version 12.00
# Visual Studio Version 17
VisualStudioVersion = 17.10.34928.147
MinimumVisualStudioVersion = 10.0.40219.1
Project("{9A19103F-16F7-4668-BE54-9A1E7A4F7556}") = "Business", "Business\Business.csproj", "{E34BFD40-48B8-468F-82BA-37436338CBCB}"
EndProject
Project("{9A19103F-16F7-4668-BE54-9A1E7A4F7556}") = "DataAccess", "DataAccess\DataAccess.csproj", "{0E9BC895-4E69-4D47-90FE-537EF5117ED7}"
EndProject
Project("{9A19103F-16F7-4668-BE54-9A1E7A4F7556}") = "Entities", "Entities\Entities.csproj", "{EDBF983B-984D-4EF2-98E8-E97DD4A965B5}"
EndProject
Project("{9A19103F-16F7-4668-BE54-9A1E7A4F7556}") = "ConsoleUI2", "ConsoleUI2\ConsoleUI2.csproj", "{513844C4-7716-44FA-B295-85AB4C176413}"
EndProject
Project("{FAE04EC0-301F-11D3-BF4B-00C04F79EFBC}") = "Core", "Core\Core.csproj", "{B9EA977A-B277-4374-8486-FC121F63ABAF}"
EndProject
Global
	GlobalSection(SolutionConfigurationPlatforms) = preSolution
		Debug|Any CPU = Debug|Any CPU
		Release|Any CPU = Release|Any CPU
	EndGlobalSection
	GlobalSection(ProjectConfigurationPlatforms) = postSolution
		{E34BFD40-48B8-468F-82BA-37436338CBCB}.Debug|Any CPU.ActiveCfg = Debug|Any CPU
		{E34BFD40-48B8-468F-82BA-37436338CBCB}.Debug|Any CPU.Build.0 = Debug|Any CPU
		{E34BFD40-48B8-468F-82BA-37436338CBCB}.Release|Any CPU.ActiveCfg = Release|Any CPU
		{E34BFD40-48B8-468F-82BA-37436338CBCB}.Release|Any CPU.Build.0 = Release|Any CPU
		{0E9BC895-4E69-4D47-90FE-537EF5117ED7}.Debug|Any CPU.ActiveCfg = Debug|Any CPU
		{0E9BC895-4E69-4D47-90FE-537EF5117ED7}.Debug|Any CPU.Build.0 = Debug|Any CPU
		{0E9BC895-4E69-4D47-90FE-537EF5117ED7}.Release|Any CPU.ActiveCfg = Release|Any CPU
		{0E9BC895-4E69-4D47-90FE-537EF5117ED7}.Release|Any CPU.Build.0 = Release|Any CPU
		{EDBF983B-984D-4EF2-98E8-E97DD4A965B5}.Debug|Any CPU.ActiveCfg = Debug|Any CPU
		{EDBF983B-984D-4EF2-98E8-E97DD4A965B5}.Debug|Any CPU.Build.0 = Debug|Any CPU
		{EDBF983B-984D-4EF2-98E8-E97DD4A965B5}.Release|Any CPU.ActiveCfg = Release|Any CPU
		{EDBF983B-984D-4EF2-98E8-E97DD4A965B5}.Release|Any CPU.Build.0 = Release|Any CPU
		{513844C4-7716-44FA-B295-85AB4C176413}.Debug|Any CPU.ActiveCfg = Debug|Any CPU
		{513844C4-7716-44FA-B295-85AB4C176413}.Debug|Any CPU.Build.0 = Debug|Any CPU
		{513844C4-7716-44FA-B295-85AB4C176413}.Release|Any CPU.ActiveCfg = Release|Any CPU
		{513844C4-7716-44FA-B295-85AB4C176413}.Release|Any CPU.Build.0 = Release|Any CPU
		{B9EA977A-B277-4374-8486-FC121F63ABAF}.Debug|Any CPU.ActiveCfg = Debug|Any CPU
		{B9EA977A-B277-4374-8486-FC121F63ABAF}.Debug|Any CPU.Build.0 = Debug|Any CPU
		{B9EA977A-B277-4374-8486-FC121F63ABAF}.Release|Any CPU.ActiveCfg = Release|Any CPU
		{B9EA977A-B277-4374-8486-FC121F63ABAF}.Release|Any CPU.Build.0 = Release|Any CPU
	EndGlobalSection
	GlobalSection(SolutionProperties) = preSolution
		HideSolutionNode = FALSE
	EndGlobalSection
	GlobalSection(ExtensibilityGlobals) = postSolution
		SolutionGuid = {71C2E3D6-5017-42A3-9BB8-93AB40FA8447}
	EndGlobalSection
EndGlobal
